
Microsoft Visual Studio Solution File, Format Version 12.00
# Visual Studio 2012
Project("{FAE04EC0-301F-11D3-BF4B-00C04F79EFBC}") = "Monopoly", "IT7302_MonopolyProject_21102588_JoshuaCandish\Monopoly.csproj", "{1041AEAB-BEC5-45D4-8E33-126DD125FE72}"
EndProject
Project("{FAE04EC0-301F-11D3-BF4B-00C04F79EFBC}") = "MonopolyTests", "Tests\MonopolyTests.csproj", "{3554BC0D-E8C1-4F5D-BFC2-441109AC721D}"
EndProject
Global
	GlobalSection(SolutionConfigurationPlatforms) = preSolution
		Debug|Any CPU = Debug|Any CPU
		Release|Any CPU = Release|Any CPU
	EndGlobalSection
	GlobalSection(ProjectConfigurationPlatforms) = postSolution
		{1041AEAB-BEC5-45D4-8E33-126DD125FE72}.Debug|Any CPU.ActiveCfg = Debug|Any CPU
		{1041AEAB-BEC5-45D4-8E33-126DD125FE72}.Debug|Any CPU.Build.0 = Debug|Any CPU
		{1041AEAB-BEC5-45D4-8E33-126DD125FE72}.Release|Any CPU.ActiveCfg = Release|Any CPU
		{1041AEAB-BEC5-45D4-8E33-126DD125FE72}.Release|Any CPU.Build.0 = Release|Any CPU
		{3554BC0D-E8C1-4F5D-BFC2-441109AC721D}.Debug|Any CPU.ActiveCfg = Debug|Any CPU
		{3554BC0D-E8C1-4F5D-BFC2-441109AC721D}.Debug|Any CPU.Build.0 = Debug|Any CPU
		{3554BC0D-E8C1-4F5D-BFC2-441109AC721D}.Release|Any CPU.ActiveCfg = Release|Any CPU
		{3554BC0D-E8C1-4F5D-BFC2-441109AC721D}.Release|Any CPU.Build.0 = Release|Any CPU
	EndGlobalSection
	GlobalSection(SolutionProperties) = preSolution
		HideSolutionNode = FALSE
	EndGlobalSection
EndGlobal
